Microsoft Visual Studio Solution File, Format Version 12.00
# Visual Studio Version 17
VisualStudioVersion = 17.5.2.0
MinimumVisualStudioVersion = 10.0.40219.1
Project("{FAE04EC0-301F-11D3-BF4B-00C04F79EFBC}") = "lab-1-numeric-computation-in-c-LebbonJ", "lab-1-numeric-computation-in-c-LebbonJ.csproj", "{B7C5BE2B-D762-8605-9E35-B70891CF2D6E}"
EndProject
Global
	GlobalSection(SolutionConfigurationPlatforms) = preSolution
		Debug|Any CPU = Debug|Any CPU
		Release|Any CPU = Release|Any CPU
	EndGlobalSection
	GlobalSection(ProjectConfigurationPlatforms) = postSolution
		{B7C5BE2B-D762-8605-9E35-B70891CF2D6E}.Debug|Any CPU.ActiveCfg = Debug|Any CPU
		{B7C5BE2B-D762-8605-9E35-B70891CF2D6E}.Debug|Any CPU.Build.0 = Debug|Any CPU
		{B7C5BE2B-D762-8605-9E35-B70891CF2D6E}.Release|Any CPU.ActiveCfg = Release|Any CPU
		{B7C5BE2B-D762-8605-9E35-B70891CF2D6E}.Release|Any CPU.Build.0 = Release|Any CPU
	EndGlobalSection
	GlobalSection(SolutionProperties) = preSolution
		HideSolutionNode = FALSE
	EndGlobalSection
	GlobalSection(ExtensibilityGlobals) = postSolution
		SolutionGuid = {09C22450-77D4-4C99-99C1-2B7BF484FC9E}
	EndGlobalSection
EndGlobal
